
Microsoft Visual Studio Solution File, Format Version 12.00
# Visual Studio Version 17
VisualStudioVersion = 17.7.34202.233
MinimumVisualStudioVersion = 10.0.40219.1
Project("{8BC9CEB8-8B4A-11D0-8D11-00A0C91BC942}") = "Ultralight Demo", "Ultralight Demo\Ultralight Demo.vcxproj", "{95EFA64C-2E1E-439E-BE87-BC5545CA335F}"
EndProject
Project("{FAE04EC0-301F-11D3-BF4B-00C04F79EFBC}") = "LOCCounter", "LOCCounter\LOCCounter.csproj", "{838A16F9-550C-4CF2-8770-ABF0D7438D0E}"
EndProject
Global
	GlobalSection(SolutionConfigurationPlatforms) = preSolution
		Debug|Any CPU = Debug|Any CPU
		Debug|x64 = Debug|x64
		Debug|x86 = Debug|x86
		Release|Any CPU = Release|Any CPU
		Release|x64 = Release|x64
		Release|x86 = Release|x86
	EndGlobalSection
	GlobalSection(ProjectConfigurationPlatforms) = postSolution
		{95EFA64C-2E1E-439E-BE87-BC5545CA335F}.Debug|Any CPU.ActiveCfg = Debug|x64
		{95EFA64C-2E1E-439E-BE87-BC5545CA335F}.Debug|Any CPU.Build.0 = Debug|x64
		{95EFA64C-2E1E-439E-BE87-BC5545CA335F}.Debug|x64.ActiveCfg = Debug|x64
		{95EFA64C-2E1E-439E-BE87-BC5545CA335F}.Debug|x64.Build.0 = Debug|x64
		{95EFA64C-2E1E-439E-BE87-BC5545CA335F}.Debug|x86.ActiveCfg = Debug|Win32
		{95EFA64C-2E1E-439E-BE87-BC5545CA335F}.Debug|x86.Build.0 = Debug|Win32
		{95EFA64C-2E1E-439E-BE87-BC5545CA335F}.Release|Any CPU.ActiveCfg = Release|x64
		{95EFA64C-2E1E-439E-BE87-BC5545CA335F}.Release|Any CPU.Build.0 = Release|x64
		{95EFA64C-2E1E-439E-BE87-BC5545CA335F}.Release|x64.ActiveCfg = Release|x64
		{95EFA64C-2E1E-439E-BE87-BC5545CA335F}.Release|x64.Build.0 = Release|x64
		{95EFA64C-2E1E-439E-BE87-BC5545CA335F}.Release|x86.ActiveCfg = Release|Win32
		{95EFA64C-2E1E-439E-BE87-BC5545CA335F}.Release|x86.Build.0 = Release|Win32
		{838A16F9-550C-4CF2-8770-ABF0D7438D0E}.Debug|Any CPU.ActiveCfg = Debug|Any CPU
		{838A16F9-550C-4CF2-8770-ABF0D7438D0E}.Debug|Any CPU.Build.0 = Debug|Any CPU
		{838A16F9-550C-4CF2-8770-ABF0D7438D0E}.Debug|x64.ActiveCfg = Debug|Any CPU
		{838A16F9-550C-4CF2-8770-ABF0D7438D0E}.Debug|x64.Build.0 = Debug|Any CPU
		{838A16F9-550C-4CF2-8770-ABF0D7438D0E}.Debug|x86.ActiveCfg = Debug|Any CPU
		{838A16F9-550C-4CF2-8770-ABF0D7438D0E}.Debug|x86.Build.0 = Debug|Any CPU
		{838A16F9-550C-4CF2-8770-ABF0D7438D0E}.Release|Any CPU.ActiveCfg = Release|Any CPU
		{838A16F9-550C-4CF2-8770-ABF0D7438D0E}.Release|Any CPU.Build.0 = Release|Any CPU
		{838A16F9-550C-4CF2-8770-ABF0D7438D0E}.Release|x64.ActiveCfg = Release|Any CPU
		{838A16F9-550C-4CF2-8770-ABF0D7438D0E}.Release|x64.Build.0 = Release|Any CPU
		{838A16F9-550C-4CF2-8770-ABF0D7438D0E}.Release|x86.ActiveCfg = Release|Any CPU
		{838A16F9-550C-4CF2-8770-ABF0D7438D0E}.Release|x86.Build.0 = Release|Any CPU
	EndGlobalSection
	GlobalSection(SolutionProperties) = preSolution
		HideSolutionNode = FALSE
	EndGlobalSection
	GlobalSection(ExtensibilityGlobals) = postSolution
		SolutionGuid = {9FA4D825-3F5B-411D-835C-4E0524A1FEA3}
	EndGlobalSection
EndGlobal
