<?xml version="1.0" encoding="utf-8"?>
<Project ToolsVersion="4.0" xmlns="http://schemas.microsoft.com/developer/msbuild/2003">
  <ItemGroup>
    <Filter Include="Source Files">
      <UniqueIdentifier>{4FC737F1-C7A5-4376-A066-2A32D752A2FF}</UniqueIdentifier>
      <Extensions>cpp;c;cc;cxx;c++;cppm;ixx;def;odl;idl;hpj;bat;asm;asmx</Extensions>
    </Filter>
    <Filter Include="Header Files">
      <UniqueIdentifier>{93995380-89BD-4b04-88EB-625FBE52EBFB}</UniqueIdentifier>
      <Extensions>h;hh;hpp;hxx;h++;hm;inl;inc;ipp;xsd</Extensions>
    </Filter>
    <Filter Include="Resource Files">
      <UniqueIdentifier>{67DA6AB6-F800-4c08-8B7A-83BB121AAD01}</UniqueIdentifier>
      <Extensions>rc;ico;cur;bmp;dlg;rc2;rct;bin;rgs;gif;jpg;jpeg;jpe;resx;tiff;tif;png;wav;mfcribbon-ms</Extensions>
    </Filter>
  </ItemGroup>
  <ItemGroup>
    <ClCompile Include="Source.cpp">
      <Filter>Source Files</Filter>
    </ClCompile>
    <ClCompile Include="PrecompiledHeader\ErrorHandler.cpp">
      <Filter>Source Files</Filter>
    </ClCompile>
    <ClCompile Include="PrecompiledHeader\PCH.cpp">
      <Filter>Source Files</Filter>
    </ClCompile>
    <ClCompile Include="PrecompiledHeader\StringConverter.cpp">
      <Filter>Source Files</Filter>
    </ClCompile>
    <ClCompile Include="Engine.cpp">
      <Filter>Source Files</Filter>
    </ClCompile>
    <ClCompile Include="Window\Window.cpp">
      <Filter>Source Files</Filter>
    </ClCompile>
    <ClCompile Include="Graphics\Renderer.cpp">
      <Filter>Source Files</Filter>
    </ClCompile>
    <ClCompile Include="Graphics\D3DClass.cpp">
      <Filter>Source Files</Filter>
    </ClCompile>
    <ClCompile Include="Window\InputController\Keyboard.cpp">
      <Filter>Source Files</Filter>
    </ClCompile>
    <ClCompile Include="Window\InputController\KeyboardEvent.cpp">
      <Filter>Source Files</Filter>
    </ClCompile>
    <ClCompile Include="Window\InputController\Mouse.cpp">
      <Filter>Source Files</Filter>
    </ClCompile>
    <ClCompile Include="Window\InputController\MouseEvent.cpp">
      <Filter>Source Files</Filter>
    </ClCompile>
    <ClCompile Include="Window\InputController\ScrollEvent.cpp">
      <Filter>Source Files</Filter>
    </ClCompile>
    <ClCompile Include="Graphics\RenderTarget\RenderTarget.cpp">
      <Filter>Source Files</Filter>
    </ClCompile>
    <ClCompile Include="Graphics\Texture.cpp">
      <Filter>Source Files</Filter>
    </ClCompile>
    <ClCompile Include="Graphics\RenderTarget\RenderTargetContainer.cpp">
      <Filter>Source Files</Filter>
    </ClCompile>
    <ClCompile Include="UltralightImpl\impl\ClipboardWin.cpp">
      <Filter>Source Files</Filter>
    </ClCompile>
    <ClCompile Include="UltralightImpl\impl\FileSystemWin.cpp">
      <Filter>Source Files</Filter>
    </ClCompile>
    <ClCompile Include="UltralightImpl\impl\MimeTypeHelper.cpp">
      <Filter>Source Files</Filter>
    </ClCompile>
    <ClCompile Include="UltralightImpl\impl\TextAnalysisSource.cpp">
      <Filter>Source Files</Filter>
    </ClCompile>
    <ClCompile Include="UltralightImpl\impl\FontLoaderWin.cpp">
      <Filter>Source Files</Filter>
    </ClCompile>
    <ClCompile Include="UltralightImpl\impl\LoggerDefault.cpp">
      <Filter>Source Files</Filter>
    </ClCompile>
    <ClCompile Include="UltralightImpl\UltralightManager.cpp">
      <Filter>Source Files</Filter>
    </ClCompile>
    <ClCompile Include="PrecompiledHeader\DirectoryHelper.cpp">
      <Filter>Source Files</Filter>
    </ClCompile>
    <ClCompile Include="Misc\IDPoolManager.cpp">
      <Filter>Source Files</Filter>
    </ClCompile>
    <ClCompile Include="UltralightImpl\UltralightView.cpp">
      <Filter>Source Files</Filter>
    </ClCompile>
    <ClCompile Include="Graphics\Shader\PixelShader.cpp">
      <Filter>Source Files</Filter>
    </ClCompile>
    <ClCompile Include="Graphics\Shader\VertexShader.cpp">
      <Filter>Source Files</Filter>
    </ClCompile>
    <ClCompile Include="Graphics\PipelineState.cpp">
      <Filter>Source Files</Filter>
    </ClCompile>
    <ClCompile Include="Graphics\Buffer\ConstantBuffer.cpp">
      <Filter>Source Files</Filter>
    </ClCompile>
    <ClCompile Include="Graphics\PipelineStateBuilder.cpp">
      <Filter>Source Files</Filter>
    </ClCompile>
    <ClCompile Include="Graphics\Buffer\VertexBuffer.cpp">
      <Filter>Source Files</Filter>
    </ClCompile>
    <ClCompile Include="Graphics\Buffer\IndexBuffer.cpp">
      <Filter>Source Files</Filter>
    </ClCompile>
    <ClCompile Include="Graphics\Renderable\Mesh2D.cpp">
      <Filter>Source Files</Filter>
    </ClCompile>
    <ClCompile Include="PrecompiledHeader\SimpleMath.cpp">
      <Filter>Source Files</Filter>
    </ClCompile>
    <ClCompile Include="Graphics\Misc\PixelColor.cpp">
      <Filter>Source Files</Filter>
    </ClCompile>
    <ClCompile Include="UltralightImpl\EZJSParm.cpp">
      <Filter>Source Files</Filter>
    </ClCompile>
    <ClCompile Include="UltralightImpl\ViewListeners\HtmlViewListener.cpp">
      <Filter>Source Files</Filter>
    </ClCompile>
    <ClCompile Include="Misc\CursorManager.cpp">
      <Filter>Source Files</Filter>
    </ClCompile>
    <ClCompile Include="UltralightImpl\ViewListeners\HtmlViewLoadListener.cpp">
      <Filter>Source Files</Filter>
    </ClCompile>
    <ClCompile Include="UltralightImpl\GPUimpl\GPUDriverD3D11.cpp">
      <Filter>Source Files</Filter>
    </ClCompile>
    <ClCompile Include="Window\WindowHelperForBorderlessResizable.cpp">
      <Filter>Source Files</Filter>
    </ClCompile>
    <ClCompile Include="PrecompiledHeader\MyLogger.cpp">
      <Filter>Source Files</Filter>
    </ClCompile>
    <ClCompile Include="Demos\DemoBasic\DemoBasic.cpp">
      <Filter>Source Files</Filter>
    </ClCompile>
    <ClCompile Include="Demos\DemoInspector\DemoInspector.cpp">
      <Filter>Source Files</Filter>
    </ClCompile>
    <ClCompile Include="Window\InputController\InputController.cpp">
      <Filter>Source Files</Filter>
    </ClCompile>
    <ClCompile Include="Demos\DemoBorderlessResizable\DemoBorderlessResizable.cpp">
      <Filter>Source Files</Filter>
    </ClCompile>
    <ClCompile Include="Demos\DemoTransparent\DemoTransparent.cpp">
      <Filter>Source Files</Filter>
    </ClCompile>
    <ClCompile Include="Demos\DemoBorderlessResizableMovable\DemoBorderlessResizableMovable.cpp">
      <Filter>Source Files</Filter>
    </ClCompile>
    <ClCompile Include="Demos\DemoOpenFileDialog\DemoOpenFileDialog.cpp">
      <Filter>Source Files</Filter>
    </ClCompile>
    <ClCompile Include="Demos\DemoJSCppCommunication\DemoJSCPPCommunication.cpp">
      <Filter>Source Files</Filter>
    </ClCompile>
    <ClCompile Include="Demos\DemoSelector\DemoSelector.cpp">
      <Filter>Source Files</Filter>
    </ClCompile>
    <ClCompile Include="Demos\DemoOverlayedCPPTextureOnDiv\DemoOverlayedCPPTextureOnDiv.cpp">
      <Filter>Source Files</Filter>
    </ClCompile>
    <ClCompile Include="Demos\DemoAntiAliasTest\DemoAntiAliasTest.cpp">
      <Filter>Source Files</Filter>
    </ClCompile>
    <ClCompile Include="Graphics\Renderable\PrimitiveAttributeSet.cpp">
      <Filter>Source Files</Filter>
    </ClCompile>
    <ClCompile Include="Graphics\Renderable\PrimitiveRef.cpp">
      <Filter>Source Files</Filter>
    </ClCompile>
    <ClCompile Include="Graphics\EZGLTF\AnimationChannel.cpp">
      <Filter>Source Files</Filter>
    </ClCompile>
    <ClCompile Include="Graphics\EZGLTF\Skeleton.cpp">
      <Filter>Source Files</Filter>
    </ClCompile>
    <ClCompile Include="Graphics\Renderable\Model.cpp">
      <Filter>Source Files</Filter>
    </ClCompile>
    <ClCompile Include="Graphics\Renderable\Entity.cpp">
      <Filter>Source Files</Filter>
    </ClCompile>
    <ClCompile Include="Graphics\Renderable\Camera.cpp">
      <Filter>Source Files</Filter>
    </ClCompile>
    <ClCompile Include="Misc\Timer.cpp">
      <Filter>Source Files</Filter>
    </ClCompile>
    <ClCompile Include="Demos\DemoCubeDraw\DemoCubeDraw.cpp">
      <Filter>Source Files</Filter>
    </ClCompile>
    <ClCompile Include="Graphics\MeshGenerator.cpp">
      <Filter>Source Files</Filter>
    </ClCompile>
    <ClCompile Include="Graphics\EZGLTF\GLTFLoader.cpp">
      <Filter>Source Files</Filter>
    </ClCompile>
    <ClCompile Include="Graphics\EZGLTF\TinyGLTFEnumToString.cpp">
      <Filter>Source Files</Filter>
    </ClCompile>
    <ClCompile Include="Demos\DemoGLTFViewer\DemoGLTFViewer.cpp">
      <Filter>Source Files</Filter>
    </ClCompile>
    <ClCompile Include="Demos\DemoCPPTextureInBrowser\DemoCPPTextureInBrowser.cpp">
      <Filter>Source Files</Filter>
    </ClCompile>
    <ClCompile Include="Window\WindowManager.cpp">
      <Filter>Source Files</Filter>
    </ClCompile>
    <ClCompile Include="Demos\DemoMultipleCubesEmbedded\DemoMultipleCubesEmbedded.cpp">
      <Filter>Source Files</Filter>
    </ClCompile>
    <ClCompile Include="Demos\DemoCrashTestSelect\DemoCrashTestSelect.cpp">
      <Filter>Source Files</Filter>
    </ClCompile>
  </ItemGroup>
  <ItemGroup>
    <ClInclude Include="PrecompiledHeader\ErrorHandler.h">
      <Filter>Header Files</Filter>
    </ClInclude>
    <ClInclude Include="PrecompiledHeader\StringConverter.h">
      <Filter>Header Files</Filter>
    </ClInclude>
    <ClInclude Include="PrecompiledHeader\PCH.h">
      <Filter>Header Files</Filter>
    </ClInclude>
    <ClInclude Include="Engine.h">
      <Filter>Header Files</Filter>
    </ClInclude>
    <ClInclude Include="Window\Window.h">
      <Filter>Header Files</Filter>
    </ClInclude>
    <ClInclude Include="Window\WindowStyle.h">
      <Filter>Header Files</Filter>
    </ClInclude>
    <ClInclude Include="Graphics\Renderer.h">
      <Filter>Header Files</Filter>
    </ClInclude>
    <ClInclude Include="Graphics\D3DClass.h">
      <Filter>Header Files</Filter>
    </ClInclude>
    <ClInclude Include="Window\InputController\InputController.h">
      <Filter>Header Files</Filter>
    </ClInclude>
    <ClInclude Include="Window\InputController\Keyboard.h">
      <Filter>Header Files</Filter>
    </ClInclude>
    <ClInclude Include="Window\InputController\KeyboardEvent.h">
      <Filter>Header Files</Filter>
    </ClInclude>
    <ClInclude Include="Window\InputController\Mouse.h">
      <Filter>Header Files</Filter>
    </ClInclude>
    <ClInclude Include="Window\InputController\MouseEvent.h">
      <Filter>Header Files</Filter>
    </ClInclude>
    <ClInclude Include="Window\InputController\MousePoint.h">
      <Filter>Header Files</Filter>
    </ClInclude>
    <ClInclude Include="Window\InputController\ScrollEvent.h">
      <Filter>Header Files</Filter>
    </ClInclude>
    <ClInclude Include="Graphics\RenderTarget\RenderTargetContainer.h">
      <Filter>Header Files</Filter>
    </ClInclude>
    <ClInclude Include="Graphics\RenderTarget\RenderTarget.h">
      <Filter>Header Files</Filter>
    </ClInclude>
    <ClInclude Include="Graphics\Texture.h">
      <Filter>Header Files</Filter>
    </ClInclude>
    <ClInclude Include="UltralightImpl\UltralightManager.h">
      <Filter>Header Files</Filter>
    </ClInclude>
    <ClInclude Include="UltralightImpl\impl\ClipboardWin.h">
      <Filter>Header Files</Filter>
    </ClInclude>
    <ClInclude Include="UltralightImpl\impl\FileSystemWin.h">
      <Filter>Header Files</Filter>
    </ClInclude>
    <ClInclude Include="UltralightImpl\impl\MimeTypeHelper.h">
      <Filter>Header Files</Filter>
    </ClInclude>
    <ClInclude Include="UltralightImpl\impl\TextAnalysisSource.h">
      <Filter>Header Files</Filter>
    </ClInclude>
    <ClInclude Include="UltralightImpl\impl\FontLoaderWin.h">
      <Filter>Header Files</Filter>
    </ClInclude>
    <ClInclude Include="UltralightImpl\impl\LoggerDefault.h">
      <Filter>Header Files</Filter>
    </ClInclude>
    <ClInclude Include="PrecompiledHeader\DirectoryHelper.h">
      <Filter>Header Files</Filter>
    </ClInclude>
    <ClInclude Include="UltralightImpl\UltralightView.h">
      <Filter>Header Files</Filter>
    </ClInclude>
    <ClInclude Include="Misc\IDPoolManager.h">
      <Filter>Header Files</Filter>
    </ClInclude>
    <ClInclude Include="Graphics\Shader\PixelShader.h">
      <Filter>Header Files</Filter>
    </ClInclude>
    <ClInclude Include="Graphics\Shader\VertexShader.h">
      <Filter>Header Files</Filter>
    </ClInclude>
    <ClInclude Include="Graphics\PipelineState.h">
      <Filter>Header Files</Filter>
    </ClInclude>
    <ClInclude Include="Graphics\Buffer\ConstantBuffer.h">
      <Filter>Header Files</Filter>
    </ClInclude>
    <ClInclude Include="Graphics\Buffer\ConstantBufferType.h">
      <Filter>Header Files</Filter>
    </ClInclude>
    <ClInclude Include="Graphics\PipelineStateBuilder.h">
      <Filter>Header Files</Filter>
    </ClInclude>
    <ClInclude Include="Graphics\Renderable\Mesh2D.h">
      <Filter>Header Files</Filter>
    </ClInclude>
    <ClInclude Include="Graphics\Buffer\VertexBuffer.h">
      <Filter>Header Files</Filter>
    </ClInclude>
    <ClInclude Include="Graphics\Buffer\Vertex.h">
      <Filter>Header Files</Filter>
    </ClInclude>
    <ClInclude Include="Graphics\Buffer\IndexBuffer.h">
      <Filter>Header Files</Filter>
    </ClInclude>
    <ClInclude Include="PrecompiledHeader\SimpleMath.h">
      <Filter>Header Files</Filter>
    </ClInclude>
    <ClInclude Include="Graphics\Misc\PixelColor.h">
      <Filter>Header Files</Filter>
    </ClInclude>
    <ClInclude Include="UltralightImpl\EZJSParm.h">
      <Filter>Header Files</Filter>
    </ClInclude>
    <ClInclude Include="UltralightImpl\ViewListeners\HtmlViewListener.h">
      <Filter>Header Files</Filter>
    </ClInclude>
    <ClInclude Include="Misc\CursorManager.h">
      <Filter>Header Files</Filter>
    </ClInclude>
    <ClInclude Include="UltralightImpl\ViewListeners\HtmlViewLoadListener.h">
      <Filter>Header Files</Filter>
    </ClInclude>
    <ClInclude Include="UltralightImpl\GPUimpl\GPUDriverD3D11.h">
      <Filter>Header Files</Filter>
    </ClInclude>
    <ClInclude Include="Graphics\InputLayoutDescriptions.h">
      <Filter>Header Files</Filter>
    </ClInclude>
    <ClInclude Include="Window\WindowHelperForBorderlessResizable.h">
      <Filter>Header Files</Filter>
    </ClInclude>
    <ClInclude Include="PrecompiledHeader\MyLogger.h">
      <Filter>Header Files</Filter>
    </ClInclude>
    <ClInclude Include="Demos\DemoBasic\DemoBasic.h">
      <Filter>Header Files</Filter>
    </ClInclude>
    <ClInclude Include="Demos\Demos.h">
      <Filter>Header Files</Filter>
    </ClInclude>
    <ClInclude Include="Demos\DemoInspector\DemoInspector.h">
      <Filter>Header Files</Filter>
    </ClInclude>
    <ClInclude Include="Demos\DemoBorderlessResizable\DemoBorderlessResizable.h">
      <Filter>Header Files</Filter>
    </ClInclude>
    <ClInclude Include="Demos\DemoTransparent\DemoTransparent.h">
      <Filter>Header Files</Filter>
    </ClInclude>
    <ClInclude Include="Demos\DemoBorderlessResizableMovable\DemoBorderlessResizableMovable.h">
      <Filter>Header Files</Filter>
    </ClInclude>
    <ClInclude Include="UltralightImpl\GPUimpl\IGPUDriverD3D11.h">
      <Filter>Header Files</Filter>
    </ClInclude>
    <ClInclude Include="Demos\DemoOpenFileDialog\DemoOpenFileDialog.h">
      <Filter>Header Files</Filter>
    </ClInclude>
    <ClInclude Include="Demos\DemoJSCppCommunication\DemoJSCPPCommunication.h">
      <Filter>Header Files</Filter>
    </ClInclude>
    <ClInclude Include="Demos\DemoSelector\DemoSelector.h">
      <Filter>Header Files</Filter>
    </ClInclude>
    <ClInclude Include="Demos\DemoOverlayedCPPTextureOnDiv\DemoOverlayedCPPTextureOnDiv.h">
      <Filter>Header Files</Filter>
    </ClInclude>
    <ClInclude Include="Demos\DemoAntiAliasTest\DemoAntiAliasTest.h">
      <Filter>Header Files</Filter>
    </ClInclude>
    <ClInclude Include="Graphics\Renderable\Primitive.h">
      <Filter>Header Files</Filter>
    </ClInclude>
    <ClInclude Include="Graphics\Renderable\PrimitiveAttributeSet.h">
      <Filter>Header Files</Filter>
    </ClInclude>
    <ClInclude Include="Graphics\EZGLTF\EZGLTFTypes.h">
      <Filter>Header Files</Filter>
    </ClInclude>
    <ClInclude Include="Graphics\Renderable\PrimitiveRef.h">
      <Filter>Header Files</Filter>
    </ClInclude>
    <ClInclude Include="Graphics\Renderable\Mesh.h">
      <Filter>Header Files</Filter>
    </ClInclude>
    <ClInclude Include="Graphics\Renderable\Model.h">
      <Filter>Header Files</Filter>
    </ClInclude>
    <ClInclude Include="Graphics\EZGLTF\AABB.h">
      <Filter>Header Files</Filter>
    </ClInclude>
    <ClInclude Include="Graphics\EZGLTF\AnimationChannel.h">
      <Filter>Header Files</Filter>
    </ClInclude>
    <ClInclude Include="Graphics\EZGLTF\AnimationClip.h">
      <Filter>Header Files</Filter>
    </ClInclude>
    <ClInclude Include="Graphics\EZGLTF\FloatKeys.h">
      <Filter>Header Files</Filter>
    </ClInclude>
    <ClInclude Include="Graphics\EZGLTF\SkeletonNode.h">
      <Filter>Header Files</Filter>
    </ClInclude>
    <ClInclude Include="Graphics\EZGLTF\Skeleton.h">
      <Filter>Header Files</Filter>
    </ClInclude>
    <ClInclude Include="Graphics\Renderable\Entity.h">
      <Filter>Header Files</Filter>
    </ClInclude>
    <ClInclude Include="Graphics\Renderable\Camera.h">
      <Filter>Header Files</Filter>
    </ClInclude>
    <ClInclude Include="Graphics\Renderable\Scene.h">
      <Filter>Header Files</Filter>
    </ClInclude>
    <ClInclude Include="Misc\Timer.h">
      <Filter>Header Files</Filter>
    </ClInclude>
    <ClInclude Include="Demos\DemoCubeDraw\DemoCubeDraw.h">
      <Filter>Header Files</Filter>
    </ClInclude>
    <ClInclude Include="Graphics\EZGLTF\SkeletonPose.h">
      <Filter>Header Files</Filter>
    </ClInclude>
    <ClInclude Include="Graphics\MeshGenerator.h">
      <Filter>Header Files</Filter>
    </ClInclude>
    <ClInclude Include="Graphics\EZGLTF\GLTFLoader.h">
      <Filter>Header Files</Filter>
    </ClInclude>
    <ClInclude Include="Graphics\EZGLTF\TinyGLTFEnumToString.h">
      <Filter>Header Files</Filter>
    </ClInclude>
    <ClInclude Include="Demos\DemoGLTFViewer\DemoGLTFViewer.h">
      <Filter>Header Files</Filter>
    </ClInclude>
    <ClInclude Include="Demos\DemoCPPTextureInBrowser\DemoCPPTextureInBrowser.h">
      <Filter>Header Files</Filter>
    </ClInclude>
    <ClInclude Include="Window\WindowManager.h">
      <Filter>Header Files</Filter>
    </ClInclude>
    <ClInclude Include="PrecompiledHeader\WeakWrapper.h">
      <Filter>Header Files</Filter>
    </ClInclude>
    <ClInclude Include="Demos\DemoMultipleCubesEmbedded\DemoMultipleCubesEmbedded.h">
      <Filter>Header Files</Filter>
    </ClInclude>
    <ClInclude Include="Demos\DemoCrashTestSelect\DemoCrashTestSelect.h">
      <Filter>Header Files</Filter>
    </ClInclude>
  </ItemGroup>
  <ItemGroup>
    <None Include="packages.config" />
    <None Include="Shaders\Common\Common2D.hlsli" />
    <None Include="PrecompiledHeader\SimpleMath.inl">
      <Filter>Header Files</Filter>
    </None>
    <None Include="Shaders\Common\Common3D.hlsli" />
  </ItemGroup>
  <ItemGroup>
    <FxCompile Include="Shaders\VertexShader\VS_2D.hlsl" />
    <FxCompile Include="Shaders\PixelShader\PS_2D.hlsl" />
    <FxCompile Include="Shaders\Ultralight\PS_fill.hlsl" />
    <FxCompile Include="Shaders\Ultralight\PS_fill_path.hlsl" />
    <FxCompile Include="Shaders\Ultralight\VS_fill.hlsl" />
    <FxCompile Include="Shaders\Ultralight\VS_fill_path.hlsl" />
    <FxCompile Include="Shaders\VertexShader\VS_3D.hlsl" />
    <FxCompile Include="Shaders\PixelShader\PS_3D.hlsl" />
  </ItemGroup>
</Project>